
Microsoft Visual Studio Solution File, Format Version 12.00
# Visual Studio Version 16
VisualStudioVersion = 16.0.30611.23
MinimumVisualStudioVersion = 10.0.40219.1
Project("{FAE04EC0-301F-11D3-BF4B-00C04F79EFBC}") = "Cliente", "Cliente.csproj", "{8581502D-3D2A-4A72-B71F-E73E741C9A2B}"
EndProject
Global
	GlobalSection(SolutionConfigurationPlatforms) = preSolution
		Debug|Any CPU = Debug|Any CPU
		Release|Any CPU = Release|Any CPU
	EndGlobalSection
	GlobalSection(ProjectConfigurationPlatforms) = postSolution
		{8581502D-3D2A-4A72-B71F-E73E741C9A2B}.Debug|Any CPU.ActiveCfg = Debug|Any CPU
		{8581502D-3D2A-4A72-B71F-E73E741C9A2B}.Debug|Any CPU.Build.0 = Debug|Any CPU
		{8581502D-3D2A-4A72-B71F-E73E741C9A2B}.Release|Any CPU.ActiveCfg = Release|Any CPU
		{8581502D-3D2A-4A72-B71F-E73E741C9A2B}.Release|Any CPU.Build.0 = Release|Any CPU
	EndGlobalSection
	GlobalSection(SolutionProperties) = preSolution
		HideSolutionNode = FALSE
	EndGlobalSection
	GlobalSection(ExtensibilityGlobals) = postSolution
		SolutionGuid = {3B08B301-B32B-4E2B-8A5D-D1A0F1266F20}
	EndGlobalSection
EndGlobal
